
Microsoft Visual Studio Solution File, Format Version 12.00
# Visual Studio Version 16
VisualStudioVersion = 16.0.31019.35
MinimumVisualStudioVersion = 10.0.40219.1
Project("{9A19103F-16F7-4668-BE54-9A1E7A4F7556}") = "CalcGtinExamples", "CalcGtinExamples\CalcGtinExamples.csproj", "{19883F8B-ABD2-4F60-9E98-6448EB052F22}"
EndProject
Project("{2150E333-8FDC-42A3-9474-1A3956D46DE8}") = "Solution Items", "Solution Items", "{1D03F61D-0BA4-46A8-9F9F-E2EE547DA857}"
	ProjectSection(SolutionItems) = preProject
		CHANGELOG.md = CHANGELOG.md
		LICENSE.md = LICENSE.md
		README.md = README.md
	EndProjectSection
EndProject
Project("{FAE04EC0-301F-11D3-BF4B-00C04F79EFBC}") = "CalcGtinExamplesCore", "CalcGtinExamplesCore\CalcGtinExamplesCore.csproj", "{DBF84FBD-A264-476D-86FC-11DA4C91C06E}"
EndProject
Project("{FAE04EC0-301F-11D3-BF4B-00C04F79EFBC}") = "CalcGtinExamplesTests", "CalcGtinExamplesTests\CalcGtinExamplesTests.csproj", "{4651ED9D-E46B-4DB5-BF27-729009470BB7}"
EndProject
Global
	GlobalSection(SolutionConfigurationPlatforms) = preSolution
		Debug|Any CPU = Debug|Any CPU
		Debug|ARM = Debug|ARM
		Debug|ARM64 = Debug|ARM64
		Debug|x64 = Debug|x64
		Debug|x86 = Debug|x86
		Release|Any CPU = Release|Any CPU
		Release|ARM = Release|ARM
		Release|ARM64 = Release|ARM64
		Release|x64 = Release|x64
		Release|x86 = Release|x86
	EndGlobalSection
	GlobalSection(ProjectConfigurationPlatforms) = postSolution
		{19883F8B-ABD2-4F60-9E98-6448EB052F22}.Debug|Any CPU.ActiveCfg = Debug|Any CPU
		{19883F8B-ABD2-4F60-9E98-6448EB052F22}.Debug|Any CPU.Build.0 = Debug|Any CPU
		{19883F8B-ABD2-4F60-9E98-6448EB052F22}.Debug|ARM.ActiveCfg = Debug|Any CPU
		{19883F8B-ABD2-4F60-9E98-6448EB052F22}.Debug|ARM.Build.0 = Debug|Any CPU
		{19883F8B-ABD2-4F60-9E98-6448EB052F22}.Debug|ARM64.ActiveCfg = Debug|Any CPU
		{19883F8B-ABD2-4F60-9E98-6448EB052F22}.Debug|ARM64.Build.0 = Debug|Any CPU
		{19883F8B-ABD2-4F60-9E98-6448EB052F22}.Debug|x64.ActiveCfg = Debug|Any CPU
		{19883F8B-ABD2-4F60-9E98-6448EB052F22}.Debug|x64.Build.0 = Debug|Any CPU
		{19883F8B-ABD2-4F60-9E98-6448EB052F22}.Debug|x86.ActiveCfg = Debug|Any CPU
		{19883F8B-ABD2-4F60-9E98-6448EB052F22}.Debug|x86.Build.0 = Debug|Any CPU
		{19883F8B-ABD2-4F60-9E98-6448EB052F22}.Release|Any CPU.ActiveCfg = Release|Any CPU
		{19883F8B-ABD2-4F60-9E98-6448EB052F22}.Release|Any CPU.Build.0 = Release|Any CPU
		{19883F8B-ABD2-4F60-9E98-6448EB052F22}.Release|ARM.ActiveCfg = Release|Any CPU
		{19883F8B-ABD2-4F60-9E98-6448EB052F22}.Release|ARM.Build.0 = Release|Any CPU
		{19883F8B-ABD2-4F60-9E98-6448EB052F22}.Release|ARM64.ActiveCfg = Release|Any CPU
		{19883F8B-ABD2-4F60-9E98-6448EB052F22}.Release|ARM64.Build.0 = Release|Any CPU
		{19883F8B-ABD2-4F60-9E98-6448EB052F22}.Release|x64.ActiveCfg = Release|Any CPU
		{19883F8B-ABD2-4F60-9E98-6448EB052F22}.Release|x64.Build.0 = Release|Any CPU
		{19883F8B-ABD2-4F60-9E98-6448EB052F22}.Release|x86.ActiveCfg = Release|Any CPU
		{19883F8B-ABD2-4F60-9E98-6448EB052F22}.Release|x86.Build.0 = Release|Any CPU
		{DBF84FBD-A264-476D-86FC-11DA4C91C06E}.Debug|Any CPU.ActiveCfg = Debug|Any CPU
		{DBF84FBD-A264-476D-86FC-11DA4C91C06E}.Debug|Any CPU.Build.0 = Debug|Any CPU
		{DBF84FBD-A264-476D-86FC-11DA4C91C06E}.Debug|ARM.ActiveCfg = Debug|Any CPU
		{DBF84FBD-A264-476D-86FC-11DA4C91C06E}.Debug|ARM.Build.0 = Debug|Any CPU
		{DBF84FBD-A264-476D-86FC-11DA4C91C06E}.Debug|ARM64.ActiveCfg = Debug|Any CPU
		{DBF84FBD-A264-476D-86FC-11DA4C91C06E}.Debug|ARM64.Build.0 = Debug|Any CPU
		{DBF84FBD-A264-476D-86FC-11DA4C91C06E}.Debug|x64.ActiveCfg = Debug|Any CPU
		{DBF84FBD-A264-476D-86FC-11DA4C91C06E}.Debug|x64.Build.0 = Debug|Any CPU
		{DBF84FBD-A264-476D-86FC-11DA4C91C06E}.Debug|x86.ActiveCfg = Debug|Any CPU
		{DBF84FBD-A264-476D-86FC-11DA4C91C06E}.Debug|x86.Build.0 = Debug|Any CPU
		{DBF84FBD-A264-476D-86FC-11DA4C91C06E}.Release|Any CPU.ActiveCfg = Release|Any CPU
		{DBF84FBD-A264-476D-86FC-11DA4C91C06E}.Release|Any CPU.Build.0 = Release|Any CPU
		{DBF84FBD-A264-476D-86FC-11DA4C91C06E}.Release|ARM.ActiveCfg = Release|Any CPU
		{DBF84FBD-A264-476D-86FC-11DA4C91C06E}.Release|ARM.Build.0 = Release|Any CPU
		{DBF84FBD-A264-476D-86FC-11DA4C91C06E}.Release|ARM64.ActiveCfg = Release|Any CPU
		{DBF84FBD-A264-476D-86FC-11DA4C91C06E}.Release|ARM64.Build.0 = Release|Any CPU
		{DBF84FBD-A264-476D-86FC-11DA4C91C06E}.Release|x64.ActiveCfg = Release|Any CPU
		{DBF84FBD-A264-476D-86FC-11DA4C91C06E}.Release|x64.Build.0 = Release|Any CPU
		{DBF84FBD-A264-476D-86FC-11DA4C91C06E}.Release|x86.ActiveCfg = Release|Any CPU
		{DBF84FBD-A264-476D-86FC-11DA4C91C06E}.Release|x86.Build.0 = Release|Any CPU
		{4651ED9D-E46B-4DB5-BF27-729009470BB7}.Debug|Any CPU.ActiveCfg = Debug|Any CPU
		{4651ED9D-E46B-4DB5-BF27-729009470BB7}.Debug|Any CPU.Build.0 = Debug|Any CPU
		{4651ED9D-E46B-4DB5-BF27-729009470BB7}.Debug|ARM.ActiveCfg = Debug|Any CPU
		{4651ED9D-E46B-4DB5-BF27-729009470BB7}.Debug|ARM.Build.0 = Debug|Any CPU
		{4651ED9D-E46B-4DB5-BF27-729009470BB7}.Debug|ARM64.ActiveCfg = Debug|Any CPU
		{4651ED9D-E46B-4DB5-BF27-729009470BB7}.Debug|ARM64.Build.0 = Debug|Any CPU
		{4651ED9D-E46B-4DB5-BF27-729009470BB7}.Debug|x64.ActiveCfg = Debug|Any CPU
		{4651ED9D-E46B-4DB5-BF27-729009470BB7}.Debug|x64.Build.0 = Debug|Any CPU
		{4651ED9D-E46B-4DB5-BF27-729009470BB7}.Debug|x86.ActiveCfg = Debug|Any CPU
		{4651ED9D-E46B-4DB5-BF27-729009470BB7}.Debug|x86.Build.0 = Debug|Any CPU
		{4651ED9D-E46B-4DB5-BF27-729009470BB7}.Release|Any CPU.ActiveCfg = Release|Any CPU
		{4651ED9D-E46B-4DB5-BF27-729009470BB7}.Release|Any CPU.Build.0 = Release|Any CPU
		{4651ED9D-E46B-4DB5-BF27-729009470BB7}.Release|ARM.ActiveCfg = Release|Any CPU
		{4651ED9D-E46B-4DB5-BF27-729009470BB7}.Release|ARM.Build.0 = Release|Any CPU
		{4651ED9D-E46B-4DB5-BF27-729009470BB7}.Release|ARM64.ActiveCfg = Release|Any CPU
		{4651ED9D-E46B-4DB5-BF27-729009470BB7}.Release|ARM64.Build.0 = Release|Any CPU
		{4651ED9D-E46B-4DB5-BF27-729009470BB7}.Release|x64.ActiveCfg = Release|Any CPU
		{4651ED9D-E46B-4DB5-BF27-729009470BB7}.Release|x64.Build.0 = Release|Any CPU
		{4651ED9D-E46B-4DB5-BF27-729009470BB7}.Release|x86.ActiveCfg = Release|Any CPU
		{4651ED9D-E46B-4DB5-BF27-729009470BB7}.Release|x86.Build.0 = Release|Any CPU
	EndGlobalSection
	GlobalSection(SolutionProperties) = preSolution
		HideSolutionNode = FALSE
	EndGlobalSection
	GlobalSection(ExtensibilityGlobals) = postSolution
		SolutionGuid = {8B5D8F37-7466-44C2-B270-3E7BC163D81C}
	EndGlobalSection
EndGlobal
